
Microsoft Visual Studio Solution File, Format Version 12.00
# Visual Studio Version 17
VisualStudioVersion = 17.2.32516.85
MinimumVisualStudioVersion = 10.0.40219.1
Project("{FAE04EC0-301F-11D3-BF4B-00C04F79EFBC}") = "alee", "alee\alee.csproj", "{C8CB834F-20BD-467C-911E-D7D1896E7015}"
EndProject
Global
	GlobalSection(SolutionConfigurationPlatforms) = preSolution
		Debug|Any CPU = Debug|Any CPU
		Release|Any CPU = Release|Any CPU
	EndGlobalSection
	GlobalSection(ProjectConfigurationPlatforms) = postSolution
		{C8CB834F-20BD-467C-911E-D7D1896E7015}.Debug|Any CPU.ActiveCfg = Debug|Any CPU
		{C8CB834F-20BD-467C-911E-D7D1896E7015}.Debug|Any CPU.Build.0 = Debug|Any CPU
		{C8CB834F-20BD-467C-911E-D7D1896E7015}.Release|Any CPU.ActiveCfg = Release|Any CPU
		{C8CB834F-20BD-467C-911E-D7D1896E7015}.Release|Any CPU.Build.0 = Release|Any CPU
	EndGlobalSection
	GlobalSection(SolutionProperties) = preSolution
		HideSolutionNode = FALSE
	EndGlobalSection
	GlobalSection(ExtensibilityGlobals) = postSolution
		SolutionGuid = {48E68D4E-6107-461A-A2A9-FED896AEF5ED}
	EndGlobalSection
EndGlobal
